
Microsoft Visual Studio Solution File, Format Version 12.00
# Visual Studio 15
VisualStudioVersion = 15.0.28307.572
MinimumVisualStudioVersion = 10.0.40219.1
Project("{FAE04EC0-301F-11D3-BF4B-00C04F79EFBC}") = "BeerTrade.Android", "BeerTrade\BeerTrade.Android\BeerTrade.Android.csproj", "{E7DB92DA-0E27-4F0E-B45C-9B54FCAAE795}"
EndProject
Project("{FAE04EC0-301F-11D3-BF4B-00C04F79EFBC}") = "BeerTrade.iOS", "BeerTrade\BeerTrade.iOS\BeerTrade.iOS.csproj", "{58D912F1-D2A0-42FC-B1D5-FB39C42459FE}"
EndProject
Project("{FAE04EC0-301F-11D3-BF4B-00C04F79EFBC}") = "BeerTrade.UWP", "BeerTrade\BeerTrade.UWP\BeerTrade.UWP.csproj", "{345019A6-AA58-4FA5-AE51-5EFDC35558E3}"
EndProject
Project("{FAE04EC0-301F-11D3-BF4B-00C04F79EFBC}") = "BeerTrade", "BeerTrade\BeerTrade\BeerTrade.csproj", "{803DFEE7-E345-40A0-A9CB-D7B283990308}"
EndProject
Global
	GlobalSection(SolutionConfigurationPlatforms) = preSolution
		Ad-Hoc|Any CPU = Ad-Hoc|Any CPU
		Ad-Hoc|ARM = Ad-Hoc|ARM
		Ad-Hoc|iPhone = Ad-Hoc|iPhone
		Ad-Hoc|iPhoneSimulator = Ad-Hoc|iPhoneSimulator
		Ad-Hoc|x64 = Ad-Hoc|x64
		Ad-Hoc|x86 = Ad-Hoc|x86
		AppStore|Any CPU = AppStore|Any CPU
		AppStore|ARM = AppStore|ARM
		AppStore|iPhone = AppStore|iPhone
		AppStore|iPhoneSimulator = AppStore|iPhoneSimulator
		AppStore|x64 = AppStore|x64
		AppStore|x86 = AppStore|x86
		Debug|Any CPU = Debug|Any CPU
		Debug|ARM = Debug|ARM
		Debug|iPhone = Debug|iPhone
		Debug|iPhoneSimulator = Debug|iPhoneSimulator
		Debug|x64 = Debug|x64
		Debug|x86 = Debug|x86
		Release|Any CPU = Release|Any CPU
		Release|ARM = Release|ARM
		Release|iPhone = Release|iPhone
		Release|iPhoneSimulator = Release|iPhoneSimulator
		Release|x64 = Release|x64
		Release|x86 = Release|x86
	EndGlobalSection
	GlobalSection(ProjectConfigurationPlatforms) = postSolution
		{E7DB92DA-0E27-4F0E-B45C-9B54FCAAE795}.Ad-Hoc|Any CPU.ActiveCfg = Release|Any CPU
		{E7DB92DA-0E27-4F0E-B45C-9B54FCAAE795}.Ad-Hoc|Any CPU.Build.0 = Release|Any CPU
		{E7DB92DA-0E27-4F0E-B45C-9B54FCAAE795}.Ad-Hoc|Any CPU.Deploy.0 = Release|Any CPU
		{E7DB92DA-0E27-4F0E-B45C-9B54FCAAE795}.Ad-Hoc|ARM.ActiveCfg = Release|Any CPU
		{E7DB92DA-0E27-4F0E-B45C-9B54FCAAE795}.Ad-Hoc|ARM.Build.0 = Release|Any CPU
		{E7DB92DA-0E27-4F0E-B45C-9B54FCAAE795}.Ad-Hoc|ARM.Deploy.0 = Release|Any CPU
		{E7DB92DA-0E27-4F0E-B45C-9B54FCAAE795}.Ad-Hoc|iPhone.ActiveCfg = Release|Any CPU
		{E7DB92DA-0E27-4F0E-B45C-9B54FCAAE795}.Ad-Hoc|iPhone.Build.0 = Release|Any CPU
		{E7DB92DA-0E27-4F0E-B45C-9B54FCAAE795}.Ad-Hoc|iPhone.Deploy.0 = Release|Any CPU
		{E7DB92DA-0E27-4F0E-B45C-9B54FCAAE795}.Ad-Hoc|iPhoneSimulator.ActiveCfg = Release|Any CPU
		{E7DB92DA-0E27-4F0E-B45C-9B54FCAAE795}.Ad-Hoc|iPhoneSimulator.Build.0 = Release|Any CPU
		{E7DB92DA-0E27-4F0E-B45C-9B54FCAAE795}.Ad-Hoc|iPhoneSimulator.Deploy.0 = Release|Any CPU
		{E7DB92DA-0E27-4F0E-B45C-9B54FCAAE795}.Ad-Hoc|x64.ActiveCfg = Release|Any CPU
		{E7DB92DA-0E27-4F0E-B45C-9B54FCAAE795}.Ad-Hoc|x64.Build.0 = Release|Any CPU
		{E7DB92DA-0E27-4F0E-B45C-9B54FCAAE795}.Ad-Hoc|x64.Deploy.0 = Release|Any CPU
		{E7DB92DA-0E27-4F0E-B45C-9B54FCAAE795}.Ad-Hoc|x86.ActiveCfg = Release|Any CPU
		{E7DB92DA-0E27-4F0E-B45C-9B54FCAAE795}.Ad-Hoc|x86.Build.0 = Release|Any CPU
		{E7DB92DA-0E27-4F0E-B45C-9B54FCAAE795}.Ad-Hoc|x86.Deploy.0 = Release|Any CPU
		{E7DB92DA-0E27-4F0E-B45C-9B54FCAAE795}.AppStore|Any CPU.ActiveCfg = Release|Any CPU
		{E7DB92DA-0E27-4F0E-B45C-9B54FCAAE795}.AppStore|Any CPU.Build.0 = Release|Any CPU
		{E7DB92DA-0E27-4F0E-B45C-9B54FCAAE795}.AppStore|Any CPU.Deploy.0 = Release|Any CPU
		{E7DB92DA-0E27-4F0E-B45C-9B54FCAAE795}.AppStore|ARM.ActiveCfg = Release|Any CPU
		{E7DB92DA-0E27-4F0E-B45C-9B54FCAAE795}.AppStore|ARM.Build.0 = Release|Any CPU
		{E7DB92DA-0E27-4F0E-B45C-9B54FCAAE795}.AppStore|ARM.Deploy.0 = Release|Any CPU
		{E7DB92DA-0E27-4F0E-B45C-9B54FCAAE795}.AppStore|iPhone.ActiveCfg = Release|Any CPU
		{E7DB92DA-0E27-4F0E-B45C-9B54FCAAE795}.AppStore|iPhone.Build.0 = Release|Any CPU
		{E7DB92DA-0E27-4F0E-B45C-9B54FCAAE795}.AppStore|iPhone.Deploy.0 = Release|Any CPU
		{E7DB92DA-0E27-4F0E-B45C-9B54FCAAE795}.AppStore|iPhoneSimulator.ActiveCfg = Release|Any CPU
		{E7DB92DA-0E27-4F0E-B45C-9B54FCAAE795}.AppStore|iPhoneSimulator.Build.0 = Release|Any CPU
		{E7DB92DA-0E27-4F0E-B45C-9B54FCAAE795}.AppStore|iPhoneSimulator.Deploy.0 = Release|Any CPU
		{E7DB92DA-0E27-4F0E-B45C-9B54FCAAE795}.AppStore|x64.ActiveCfg = Release|Any CPU
		{E7DB92DA-0E27-4F0E-B45C-9B54FCAAE795}.AppStore|x64.Build.0 = Release|Any CPU
		{E7DB92DA-0E27-4F0E-B45C-9B54FCAAE795}.AppStore|x64.Deploy.0 = Release|Any CPU
		{E7DB92DA-0E27-4F0E-B45C-9B54FCAAE795}.AppStore|x86.ActiveCfg = Release|Any CPU
		{E7DB92DA-0E27-4F0E-B45C-9B54FCAAE795}.AppStore|x86.Build.0 = Release|Any CPU
		{E7DB92DA-0E27-4F0E-B45C-9B54FCAAE795}.AppStore|x86.Deploy.0 = Release|Any CPU
		{E7DB92DA-0E27-4F0E-B45C-9B54FCAAE795}.Debug|Any CPU.ActiveCfg = Debug|Any CPU
		{E7DB92DA-0E27-4F0E-B45C-9B54FCAAE795}.Debug|Any CPU.Build.0 = Debug|Any CPU
		{E7DB92DA-0E27-4F0E-B45C-9B54FCAAE795}.Debug|Any CPU.Deploy.0 = Debug|Any CPU
		{E7DB92DA-0E27-4F0E-B45C-9B54FCAAE795}.Debug|ARM.ActiveCfg = Debug|Any CPU
		{E7DB92DA-0E27-4F0E-B45C-9B54FCAAE795}.Debug|ARM.Build.0 = Debug|Any CPU
		{E7DB92DA-0E27-4F0E-B45C-9B54FCAAE795}.Debug|ARM.Deploy.0 = Debug|Any CPU
		{E7DB92DA-0E27-4F0E-B45C-9B54FCAAE795}.Debug|iPhone.ActiveCfg = Debug|Any CPU
		{E7DB92DA-0E27-4F0E-B45C-9B54FCAAE795}.Debug|iPhone.Build.0 = Debug|Any CPU
		{E7DB92DA-0E27-4F0E-B45C-9B54FCAAE795}.Debug|iPhone.Deploy.0 = Debug|Any CPU
		{E7DB92DA-0E27-4F0E-B45C-9B54FCAAE795}.Debug|iPhoneSimulator.ActiveCfg = Debug|Any CPU
		{E7DB92DA-0E27-4F0E-B45C-9B54FCAAE795}.Debug|iPhoneSimulator.Build.0 = Debug|Any CPU
		{E7DB92DA-0E27-4F0E-B45C-9B54FCAAE795}.Debug|iPhoneSimulator.Deploy.0 = Debug|Any CPU
		{E7DB92DA-0E27-4F0E-B45C-9B54FCAAE795}.Debug|x64.ActiveCfg = Debug|Any CPU
		{E7DB92DA-0E27-4F0E-B45C-9B54FCAAE795}.Debug|x64.Build.0 = Debug|Any CPU
		{E7DB92DA-0E27-4F0E-B45C-9B54FCAAE795}.Debug|x64.Deploy.0 = Debug|Any CPU
		{E7DB92DA-0E27-4F0E-B45C-9B54FCAAE795}.Debug|x86.ActiveCfg = Debug|Any CPU
		{E7DB92DA-0E27-4F0E-B45C-9B54FCAAE795}.Debug|x86.Build.0 = Debug|Any CPU
		{E7DB92DA-0E27-4F0E-B45C-9B54FCAAE795}.Debug|x86.Deploy.0 = Debug|Any CPU
		{E7DB92DA-0E27-4F0E-B45C-9B54FCAAE795}.Release|Any CPU.ActiveCfg = Release|Any CPU
		{E7DB92DA-0E27-4F0E-B45C-9B54FCAAE795}.Release|Any CPU.Build.0 = Release|Any CPU
		{E7DB92DA-0E27-4F0E-B45C-9B54FCAAE795}.Release|Any CPU.Deploy.0 = Release|Any CPU
		{E7DB92DA-0E27-4F0E-B45C-9B54FCAAE795}.Release|ARM.ActiveCfg = Release|Any CPU
		{E7DB92DA-0E27-4F0E-B45C-9B54FCAAE795}.Release|ARM.Build.0 = Release|Any CPU
		{E7DB92DA-0E27-4F0E-B45C-9B54FCAAE795}.Release|ARM.Deploy.0 = Release|Any CPU
		{E7DB92DA-0E27-4F0E-B45C-9B54FCAAE795}.Release|iPhone.ActiveCfg = Release|Any CPU
		{E7DB92DA-0E27-4F0E-B45C-9B54FCAAE795}.Release|iPhone.Build.0 = Release|Any CPU
		{E7DB92DA-0E27-4F0E-B45C-9B54FCAAE795}.Release|iPhone.Deploy.0 = Release|Any CPU
		{E7DB92DA-0E27-4F0E-B45C-9B54FCAAE795}.Release|iPhoneSimulator.ActiveCfg = Release|Any CPU
		{E7DB92DA-0E27-4F0E-B45C-9B54FCAAE795}.Release|iPhoneSimulator.Build.0 = Release|Any CPU
		{E7DB92DA-0E27-4F0E-B45C-9B54FCAAE795}.Release|iPhoneSimulator.Deploy.0 = Release|Any CPU
		{E7DB92DA-0E27-4F0E-B45C-9B54FCAAE795}.Release|x64.ActiveCfg = Release|Any CPU
		{E7DB92DA-0E27-4F0E-B45C-9B54FCAAE795}.Release|x64.Build.0 = Release|Any CPU
		{E7DB92DA-0E27-4F0E-B45C-9B54FCAAE795}.Release|x64.Deploy.0 = Release|Any CPU
		{E7DB92DA-0E27-4F0E-B45C-9B54FCAAE795}.Release|x86.ActiveCfg = Release|Any CPU
		{E7DB92DA-0E27-4F0E-B45C-9B54FCAAE795}.Release|x86.Build.0 = Release|Any CPU
		{E7DB92DA-0E27-4F0E-B45C-9B54FCAAE795}.Release|x86.Deploy.0 = Release|Any CPU
		{58D912F1-D2A0-42FC-B1D5-FB39C42459FE}.Ad-Hoc|Any CPU.ActiveCfg = Ad-Hoc|iPhone
		{58D912F1-D2A0-42FC-B1D5-FB39C42459FE}.Ad-Hoc|Any CPU.Build.0 = Ad-Hoc|iPhone
		{58D912F1-D2A0-42FC-B1D5-FB39C42459FE}.Ad-Hoc|Any CPU.Deploy.0 = Ad-Hoc|iPhone
		{58D912F1-D2A0-42FC-B1D5-FB39C42459FE}.Ad-Hoc|ARM.ActiveCfg = Ad-Hoc|iPhone
		{58D912F1-D2A0-42FC-B1D5-FB39C42459FE}.Ad-Hoc|ARM.Build.0 = Ad-Hoc|iPhone
		{58D912F1-D2A0-42FC-B1D5-FB39C42459FE}.Ad-Hoc|ARM.Deploy.0 = Ad-Hoc|iPhone
		{58D912F1-D2A0-42FC-B1D5-FB39C42459FE}.Ad-Hoc|iPhone.ActiveCfg = Ad-Hoc|iPhone
		{58D912F1-D2A0-42FC-B1D5-FB39C42459FE}.Ad-Hoc|iPhone.Build.0 = Ad-Hoc|iPhone
		{58D912F1-D2A0-42FC-B1D5-FB39C42459FE}.Ad-Hoc|iPhone.Deploy.0 = Ad-Hoc|iPhone
		{58D912F1-D2A0-42FC-B1D5-FB39C42459FE}.Ad-Hoc|iPhoneSimulator.ActiveCfg = Ad-Hoc|iPhoneSimulator
		{58D912F1-D2A0-42FC-B1D5-FB39C42459FE}.Ad-Hoc|iPhoneSimulator.Build.0 = Ad-Hoc|iPhoneSimulator
		{58D912F1-D2A0-42FC-B1D5-FB39C42459FE}.Ad-Hoc|iPhoneSimulator.Deploy.0 = Ad-Hoc|iPhoneSimulator
		{58D912F1-D2A0-42FC-B1D5-FB39C42459FE}.Ad-Hoc|x64.ActiveCfg = Ad-Hoc|iPhone
		{58D912F1-D2A0-42FC-B1D5-FB39C42459FE}.Ad-Hoc|x64.Build.0 = Ad-Hoc|iPhone
		{58D912F1-D2A0-42FC-B1D5-FB39C42459FE}.Ad-Hoc|x64.Deploy.0 = Ad-Hoc|iPhone
		{58D912F1-D2A0-42FC-B1D5-FB39C42459FE}.Ad-Hoc|x86.ActiveCfg = Ad-Hoc|iPhone
		{58D912F1-D2A0-42FC-B1D5-FB39C42459FE}.Ad-Hoc|x86.Build.0 = Ad-Hoc|iPhone
		{58D912F1-D2A0-42FC-B1D5-FB39C42459FE}.Ad-Hoc|x86.Deploy.0 = Ad-Hoc|iPhone
		{58D912F1-D2A0-42FC-B1D5-FB39C42459FE}.AppStore|Any CPU.ActiveCfg = AppStore|iPhone
		{58D912F1-D2A0-42FC-B1D5-FB39C42459FE}.AppStore|Any CPU.Build.0 = AppStore|iPhone
		{58D912F1-D2A0-42FC-B1D5-FB39C42459FE}.AppStore|Any CPU.Deploy.0 = AppStore|iPhone
		{58D912F1-D2A0-42FC-B1D5-FB39C42459FE}.AppStore|ARM.ActiveCfg = AppStore|iPhone
		{58D912F1-D2A0-42FC-B1D5-FB39C42459FE}.AppStore|ARM.Build.0 = AppStore|iPhone
		{58D912F1-D2A0-42FC-B1D5-FB39C42459FE}.AppStore|ARM.Deploy.0 = AppStore|iPhone
		{58D912F1-D2A0-42FC-B1D5-FB39C42459FE}.AppStore|iPhone.ActiveCfg = AppStore|iPhone
		{58D912F1-D2A0-42FC-B1D5-FB39C42459FE}.AppStore|iPhone.Build.0 = AppStore|iPhone
		{58D912F1-D2A0-42FC-B1D5-FB39C42459FE}.AppStore|iPhone.Deploy.0 = AppStore|iPhone
		{58D912F1-D2A0-42FC-B1D5-FB39C42459FE}.AppStore|iPhoneSimulator.ActiveCfg = AppStore|iPhoneSimulator
		{58D912F1-D2A0-42FC-B1D5-FB39C42459FE}.AppStore|iPhoneSimulator.Build.0 = AppStore|iPhoneSimulator
		{58D912F1-D2A0-42FC-B1D5-FB39C42459FE}.AppStore|iPhoneSimulator.Deploy.0 = AppStore|iPhoneSimulator
		{58D912F1-D2A0-42FC-B1D5-FB39C42459FE}.AppStore|x64.ActiveCfg = AppStore|iPhone
		{58D912F1-D2A0-42FC-B1D5-FB39C42459FE}.AppStore|x64.Build.0 = AppStore|iPhone
		{58D912F1-D2A0-42FC-B1D5-FB39C42459FE}.AppStore|x64.Deploy.0 = AppStore|iPhone
		{58D912F1-D2A0-42FC-B1D5-FB39C42459FE}.AppStore|x86.ActiveCfg = AppStore|iPhone
		{58D912F1-D2A0-42FC-B1D5-FB39C42459FE}.AppStore|x86.Build.0 = AppStore|iPhone
		{58D912F1-D2A0-42FC-B1D5-FB39C42459FE}.AppStore|x86.Deploy.0 = AppStore|iPhone
		{58D912F1-D2A0-42FC-B1D5-FB39C42459FE}.Debug|Any CPU.ActiveCfg = Debug|iPhoneSimulator
		{58D912F1-D2A0-42FC-B1D5-FB39C42459FE}.Debug|Any CPU.Build.0 = Debug|iPhoneSimulator
		{58D912F1-D2A0-42FC-B1D5-FB39C42459FE}.Debug|Any CPU.Deploy.0 = Debug|iPhoneSimulator
		{58D912F1-D2A0-42FC-B1D5-FB39C42459FE}.Debug|ARM.ActiveCfg = Debug|iPhone
		{58D912F1-D2A0-42FC-B1D5-FB39C42459FE}.Debug|ARM.Build.0 = Debug|iPhone
		{58D912F1-D2A0-42FC-B1D5-FB39C42459FE}.Debug|ARM.Deploy.0 = Debug|iPhone
		{58D912F1-D2A0-42FC-B1D5-FB39C42459FE}.Debug|iPhone.ActiveCfg = Debug|iPhone
		{58D912F1-D2A0-42FC-B1D5-FB39C42459FE}.Debug|iPhone.Build.0 = Debug|iPhone
		{58D912F1-D2A0-42FC-B1D5-FB39C42459FE}.Debug|iPhone.Deploy.0 = Debug|iPhone
		{58D912F1-D2A0-42FC-B1D5-FB39C42459FE}.Debug|iPhoneSimulator.ActiveCfg = Debug|iPhoneSimulator
		{58D912F1-D2A0-42FC-B1D5-FB39C42459FE}.Debug|iPhoneSimulator.Build.0 = Debug|iPhoneSimulator
		{58D912F1-D2A0-42FC-B1D5-FB39C42459FE}.Debug|iPhoneSimulator.Deploy.0 = Debug|iPhoneSimulator
		{58D912F1-D2A0-42FC-B1D5-FB39C42459FE}.Debug|x64.ActiveCfg = Debug|iPhone
		{58D912F1-D2A0-42FC-B1D5-FB39C42459FE}.Debug|x64.Build.0 = Debug|iPhone
		{58D912F1-D2A0-42FC-B1D5-FB39C42459FE}.Debug|x64.Deploy.0 = Debug|iPhone
		{58D912F1-D2A0-42FC-B1D5-FB39C42459FE}.Debug|x86.ActiveCfg = Debug|iPhone
		{58D912F1-D2A0-42FC-B1D5-FB39C42459FE}.Debug|x86.Build.0 = Debug|iPhone
		{58D912F1-D2A0-42FC-B1D5-FB39C42459FE}.Debug|x86.Deploy.0 = Debug|iPhone
		{58D912F1-D2A0-42FC-B1D5-FB39C42459FE}.Release|Any CPU.ActiveCfg = Release|iPhone
		{58D912F1-D2A0-42FC-B1D5-FB39C42459FE}.Release|Any CPU.Build.0 = Release|iPhone
		{58D912F1-D2A0-42FC-B1D5-FB39C42459FE}.Release|Any CPU.Deploy.0 = Release|iPhone
		{58D912F1-D2A0-42FC-B1D5-FB39C42459FE}.Release|ARM.ActiveCfg = Release|iPhone
		{58D912F1-D2A0-42FC-B1D5-FB39C42459FE}.Release|ARM.Build.0 = Release|iPhone
		{58D912F1-D2A0-42FC-B1D5-FB39C42459FE}.Release|ARM.Deploy.0 = Release|iPhone
		{58D912F1-D2A0-42FC-B1D5-FB39C42459FE}.Release|iPhone.ActiveCfg = Release|iPhone
		{58D912F1-D2A0-42FC-B1D5-FB39C42459FE}.Release|iPhone.Build.0 = Release|iPhone
		{58D912F1-D2A0-42FC-B1D5-FB39C42459FE}.Release|iPhone.Deploy.0 = Release|iPhone
		{58D912F1-D2A0-42FC-B1D5-FB39C42459FE}.Release|iPhoneSimulator.ActiveCfg = Release|iPhoneSimulator
		{58D912F1-D2A0-42FC-B1D5-FB39C42459FE}.Release|iPhoneSimulator.Build.0 = Release|iPhoneSimulator
		{58D912F1-D2A0-42FC-B1D5-FB39C42459FE}.Release|iPhoneSimulator.Deploy.0 = Release|iPhoneSimulator
		{58D912F1-D2A0-42FC-B1D5-FB39C42459FE}.Release|x64.ActiveCfg = Release|iPhone
		{58D912F1-D2A0-42FC-B1D5-FB39C42459FE}.Release|x64.Build.0 = Release|iPhone
		{58D912F1-D2A0-42FC-B1D5-FB39C42459FE}.Release|x64.Deploy.0 = Release|iPhone
		{58D912F1-D2A0-42FC-B1D5-FB39C42459FE}.Release|x86.ActiveCfg = Release|iPhone
		{58D912F1-D2A0-42FC-B1D5-FB39C42459FE}.Release|x86.Build.0 = Release|iPhone
		{58D912F1-D2A0-42FC-B1D5-FB39C42459FE}.Release|x86.Deploy.0 = Release|iPhone
		{345019A6-AA58-4FA5-AE51-5EFDC35558E3}.Ad-Hoc|Any CPU.ActiveCfg = Release|x86
		{345019A6-AA58-4FA5-AE51-5EFDC35558E3}.Ad-Hoc|Any CPU.Build.0 = Release|x86
		{345019A6-AA58-4FA5-AE51-5EFDC35558E3}.Ad-Hoc|Any CPU.Deploy.0 = Release|x86
		{345019A6-AA58-4FA5-AE51-5EFDC35558E3}.Ad-Hoc|ARM.ActiveCfg = Release|ARM
		{345019A6-AA58-4FA5-AE51-5EFDC35558E3}.Ad-Hoc|ARM.Build.0 = Release|ARM
		{345019A6-AA58-4FA5-AE51-5EFDC35558E3}.Ad-Hoc|ARM.Deploy.0 = Release|ARM
		{345019A6-AA58-4FA5-AE51-5EFDC35558E3}.Ad-Hoc|iPhone.ActiveCfg = Release|x86
		{345019A6-AA58-4FA5-AE51-5EFDC35558E3}.Ad-Hoc|iPhone.Build.0 = Release|x86
		{345019A6-AA58-4FA5-AE51-5EFDC35558E3}.Ad-Hoc|iPhone.Deploy.0 = Release|x86
		{345019A6-AA58-4FA5-AE51-5EFDC35558E3}.Ad-Hoc|iPhoneSimulator.ActiveCfg = Release|x86
		{345019A6-AA58-4FA5-AE51-5EFDC35558E3}.Ad-Hoc|iPhoneSimulator.Build.0 = Release|x86
		{345019A6-AA58-4FA5-AE51-5EFDC35558E3}.Ad-Hoc|iPhoneSimulator.Deploy.0 = Release|x86
		{345019A6-AA58-4FA5-AE51-5EFDC35558E3}.Ad-Hoc|x64.ActiveCfg = Release|x64
		{345019A6-AA58-4FA5-AE51-5EFDC35558E3}.Ad-Hoc|x64.Build.0 = Release|x64
		{345019A6-AA58-4FA5-AE51-5EFDC35558E3}.Ad-Hoc|x64.Deploy.0 = Release|x64
		{345019A6-AA58-4FA5-AE51-5EFDC35558E3}.Ad-Hoc|x86.ActiveCfg = Release|x86
		{345019A6-AA58-4FA5-AE51-5EFDC35558E3}.Ad-Hoc|x86.Build.0 = Release|x86
		{345019A6-AA58-4FA5-AE51-5EFDC35558E3}.Ad-Hoc|x86.Deploy.0 = Release|x86
		{345019A6-AA58-4FA5-AE51-5EFDC35558E3}.AppStore|Any CPU.ActiveCfg = Release|x86
		{345019A6-AA58-4FA5-AE51-5EFDC35558E3}.AppStore|Any CPU.Build.0 = Release|x86
		{345019A6-AA58-4FA5-AE51-5EFDC35558E3}.AppStore|Any CPU.Deploy.0 = Release|x86
		{345019A6-AA58-4FA5-AE51-5EFDC35558E3}.AppStore|ARM.ActiveCfg = Release|ARM
		{345019A6-AA58-4FA5-AE51-5EFDC35558E3}.AppStore|ARM.Build.0 = Release|ARM
		{345019A6-AA58-4FA5-AE51-5EFDC35558E3}.AppStore|ARM.Deploy.0 = Release|ARM
		{345019A6-AA58-4FA5-AE51-5EFDC35558E3}.AppStore|iPhone.ActiveCfg = Release|x86
		{345019A6-AA58-4FA5-AE51-5EFDC35558E3}.AppStore|iPhone.Build.0 = Release|x86
		{345019A6-AA58-4FA5-AE51-5EFDC35558E3}.AppStore|iPhone.Deploy.0 = Release|x86
		{345019A6-AA58-4FA5-AE51-5EFDC35558E3}.AppStore|iPhoneSimulator.ActiveCfg = Release|x86
		{345019A6-AA58-4FA5-AE51-5EFDC35558E3}.AppStore|iPhoneSimulator.Build.0 = Release|x86
		{345019A6-AA58-4FA5-AE51-5EFDC35558E3}.AppStore|iPhoneSimulator.Deploy.0 = Release|x86
		{345019A6-AA58-4FA5-AE51-5EFDC35558E3}.AppStore|x64.ActiveCfg = Release|x64
		{345019A6-AA58-4FA5-AE51-5EFDC35558E3}.AppStore|x64.Build.0 = Release|x64
		{345019A6-AA58-4FA5-AE51-5EFDC35558E3}.AppStore|x64.Deploy.0 = Release|x64
		{345019A6-AA58-4FA5-AE51-5EFDC35558E3}.AppStore|x86.ActiveCfg = Release|x86
		{345019A6-AA58-4FA5-AE51-5EFDC35558E3}.AppStore|x86.Build.0 = Release|x86
		{345019A6-AA58-4FA5-AE51-5EFDC35558E3}.AppStore|x86.Deploy.0 = Release|x86
		{345019A6-AA58-4FA5-AE51-5EFDC35558E3}.Debug|Any CPU.ActiveCfg = Debug|x86
		{345019A6-AA58-4FA5-AE51-5EFDC35558E3}.Debug|Any CPU.Build.0 = Debug|x86
		{345019A6-AA58-4FA5-AE51-5EFDC35558E3}.Debug|Any CPU.Deploy.0 = Debug|x86
		{345019A6-AA58-4FA5-AE51-5EFDC35558E3}.Debug|ARM.ActiveCfg = Debug|ARM
		{345019A6-AA58-4FA5-AE51-5EFDC35558E3}.Debug|ARM.Build.0 = Debug|ARM
		{345019A6-AA58-4FA5-AE51-5EFDC35558E3}.Debug|ARM.Deploy.0 = Debug|ARM
		{345019A6-AA58-4FA5-AE51-5EFDC35558E3}.Debug|iPhone.ActiveCfg = Debug|x86
		{345019A6-AA58-4FA5-AE51-5EFDC35558E3}.Debug|iPhone.Build.0 = Debug|x86
		{345019A6-AA58-4FA5-AE51-5EFDC35558E3}.Debug|iPhone.Deploy.0 = Debug|x86
		{345019A6-AA58-4FA5-AE51-5EFDC35558E3}.Debug|iPhoneSimulator.ActiveCfg = Debug|x86
		{345019A6-AA58-4FA5-AE51-5EFDC35558E3}.Debug|iPhoneSimulator.Build.0 = Debug|x86
		{345019A6-AA58-4FA5-AE51-5EFDC35558E3}.Debug|iPhoneSimulator.Deploy.0 = Debug|x86
		{345019A6-AA58-4FA5-AE51-5EFDC35558E3}.Debug|x64.ActiveCfg = Debug|x64
		{345019A6-AA58-4FA5-AE51-5EFDC35558E3}.Debug|x64.Build.0 = Debug|x64
		{345019A6-AA58-4FA5-AE51-5EFDC35558E3}.Debug|x64.Deploy.0 = Debug|x64
		{345019A6-AA58-4FA5-AE51-5EFDC35558E3}.Debug|x86.ActiveCfg = Debug|x86
		{345019A6-AA58-4FA5-AE51-5EFDC35558E3}.Debug|x86.Build.0 = Debug|x86
		{345019A6-AA58-4FA5-AE51-5EFDC35558E3}.Debug|x86.Deploy.0 = Debug|x86
		{345019A6-AA58-4FA5-AE51-5EFDC35558E3}.Release|Any CPU.ActiveCfg = Release|x86
		{345019A6-AA58-4FA5-AE51-5EFDC35558E3}.Release|Any CPU.Build.0 = Release|x86
		{345019A6-AA58-4FA5-AE51-5EFDC35558E3}.Release|Any CPU.Deploy.0 = Release|x86
		{345019A6-AA58-4FA5-AE51-5EFDC35558E3}.Release|ARM.ActiveCfg = Release|ARM
		{345019A6-AA58-4FA5-AE51-5EFDC35558E3}.Release|ARM.Build.0 = Release|ARM
		{345019A6-AA58-4FA5-AE51-5EFDC35558E3}.Release|ARM.Deploy.0 = Release|ARM
		{345019A6-AA58-4FA5-AE51-5EFDC35558E3}.Release|iPhone.ActiveCfg = Release|x86
		{345019A6-AA58-4FA5-AE51-5EFDC35558E3}.Release|iPhone.Build.0 = Release|x86
		{345019A6-AA58-4FA5-AE51-5EFDC35558E3}.Release|iPhone.Deploy.0 = Release|x86
		{345019A6-AA58-4FA5-AE51-5EFDC35558E3}.Release|iPhoneSimulator.ActiveCfg = Release|x86
		{345019A6-AA58-4FA5-AE51-5EFDC35558E3}.Release|iPhoneSimulator.Build.0 = Release|x86
		{345019A6-AA58-4FA5-AE51-5EFDC35558E3}.Release|iPhoneSimulator.Deploy.0 = Release|x86
		{345019A6-AA58-4FA5-AE51-5EFDC35558E3}.Release|x64.ActiveCfg = Release|x64
		{345019A6-AA58-4FA5-AE51-5EFDC35558E3}.Release|x64.Build.0 = Release|x64
		{345019A6-AA58-4FA5-AE51-5EFDC35558E3}.Release|x64.Deploy.0 = Release|x64
		{345019A6-AA58-4FA5-AE51-5EFDC35558E3}.Release|x86.ActiveCfg = Release|x86
		{345019A6-AA58-4FA5-AE51-5EFDC35558E3}.Release|x86.Build.0 = Release|x86
		{345019A6-AA58-4FA5-AE51-5EFDC35558E3}.Release|x86.Deploy.0 = Release|x86
		{803DFEE7-E345-40A0-A9CB-D7B283990308}.Ad-Hoc|Any CPU.ActiveCfg = Debug|Any CPU
		{803DFEE7-E345-40A0-A9CB-D7B283990308}.Ad-Hoc|Any CPU.Build.0 = Debug|Any CPU
		{803DFEE7-E345-40A0-A9CB-D7B283990308}.Ad-Hoc|Any CPU.Deploy.0 = Debug|Any CPU
		{803DFEE7-E345-40A0-A9CB-D7B283990308}.Ad-Hoc|ARM.ActiveCfg = Debug|Any CPU
		{803DFEE7-E345-40A0-A9CB-D7B283990308}.Ad-Hoc|ARM.Build.0 = Debug|Any CPU
		{803DFEE7-E345-40A0-A9CB-D7B283990308}.Ad-Hoc|ARM.Deploy.0 = Debug|Any CPU
		{803DFEE7-E345-40A0-A9CB-D7B283990308}.Ad-Hoc|iPhone.ActiveCfg = Debug|Any CPU
		{803DFEE7-E345-40A0-A9CB-D7B283990308}.Ad-Hoc|iPhone.Build.0 = Debug|Any CPU
		{803DFEE7-E345-40A0-A9CB-D7B283990308}.Ad-Hoc|iPhone.Deploy.0 = Debug|Any CPU
		{803DFEE7-E345-40A0-A9CB-D7B283990308}.Ad-Hoc|iPhoneSimulator.ActiveCfg = Debug|Any CPU
		{803DFEE7-E345-40A0-A9CB-D7B283990308}.Ad-Hoc|iPhoneSimulator.Build.0 = Debug|Any CPU
		{803DFEE7-E345-40A0-A9CB-D7B283990308}.Ad-Hoc|iPhoneSimulator.Deploy.0 = Debug|Any CPU
		{803DFEE7-E345-40A0-A9CB-D7B283990308}.Ad-Hoc|x64.ActiveCfg = Debug|Any CPU
		{803DFEE7-E345-40A0-A9CB-D7B283990308}.Ad-Hoc|x64.Build.0 = Debug|Any CPU
		{803DFEE7-E345-40A0-A9CB-D7B283990308}.Ad-Hoc|x64.Deploy.0 = Debug|Any CPU
		{803DFEE7-E345-40A0-A9CB-D7B283990308}.Ad-Hoc|x86.ActiveCfg = Debug|Any CPU
		{803DFEE7-E345-40A0-A9CB-D7B283990308}.Ad-Hoc|x86.Build.0 = Debug|Any CPU
		{803DFEE7-E345-40A0-A9CB-D7B283990308}.Ad-Hoc|x86.Deploy.0 = Debug|Any CPU
		{803DFEE7-E345-40A0-A9CB-D7B283990308}.AppStore|Any CPU.ActiveCfg = Debug|Any CPU
		{803DFEE7-E345-40A0-A9CB-D7B283990308}.AppStore|Any CPU.Build.0 = Debug|Any CPU
		{803DFEE7-E345-40A0-A9CB-D7B283990308}.AppStore|Any CPU.Deploy.0 = Debug|Any CPU
		{803DFEE7-E345-40A0-A9CB-D7B283990308}.AppStore|ARM.ActiveCfg = Debug|Any CPU
		{803DFEE7-E345-40A0-A9CB-D7B283990308}.AppStore|ARM.Build.0 = Debug|Any CPU
		{803DFEE7-E345-40A0-A9CB-D7B283990308}.AppStore|ARM.Deploy.0 = Debug|Any CPU
		{803DFEE7-E345-40A0-A9CB-D7B283990308}.AppStore|iPhone.ActiveCfg = Debug|Any CPU
		{803DFEE7-E345-40A0-A9CB-D7B283990308}.AppStore|iPhone.Build.0 = Debug|Any CPU
		{803DFEE7-E345-40A0-A9CB-D7B283990308}.AppStore|iPhone.Deploy.0 = Debug|Any CPU
		{803DFEE7-E345-40A0-A9CB-D7B283990308}.AppStore|iPhoneSimulator.ActiveCfg = Debug|Any CPU
		{803DFEE7-E345-40A0-A9CB-D7B283990308}.AppStore|iPhoneSimulator.Build.0 = Debug|Any CPU
		{803DFEE7-E345-40A0-A9CB-D7B283990308}.AppStore|iPhoneSimulator.Deploy.0 = Debug|Any CPU
		{803DFEE7-E345-40A0-A9CB-D7B283990308}.AppStore|x64.ActiveCfg = Debug|Any CPU
		{803DFEE7-E345-40A0-A9CB-D7B283990308}.AppStore|x64.Build.0 = Debug|Any CPU
		{803DFEE7-E345-40A0-A9CB-D7B283990308}.AppStore|x64.Deploy.0 = Debug|Any CPU
		{803DFEE7-E345-40A0-A9CB-D7B283990308}.AppStore|x86.ActiveCfg = Debug|Any CPU
		{803DFEE7-E345-40A0-A9CB-D7B283990308}.AppStore|x86.Build.0 = Debug|Any CPU
		{803DFEE7-E345-40A0-A9CB-D7B283990308}.AppStore|x86.Deploy.0 = Debug|Any CPU
		{803DFEE7-E345-40A0-A9CB-D7B283990308}.Debug|Any CPU.ActiveCfg = Debug|Any CPU
		{803DFEE7-E345-40A0-A9CB-D7B283990308}.Debug|Any CPU.Build.0 = Debug|Any CPU
		{803DFEE7-E345-40A0-A9CB-D7B283990308}.Debug|Any CPU.Deploy.0 = Debug|Any CPU
		{803DFEE7-E345-40A0-A9CB-D7B283990308}.Debug|ARM.ActiveCfg = Debug|Any CPU
		{803DFEE7-E345-40A0-A9CB-D7B283990308}.Debug|ARM.Build.0 = Debug|Any CPU
		{803DFEE7-E345-40A0-A9CB-D7B283990308}.Debug|ARM.Deploy.0 = Debug|Any CPU
		{803DFEE7-E345-40A0-A9CB-D7B283990308}.Debug|iPhone.ActiveCfg = Debug|Any CPU
		{803DFEE7-E345-40A0-A9CB-D7B283990308}.Debug|iPhone.Build.0 = Debug|Any CPU
		{803DFEE7-E345-40A0-A9CB-D7B283990308}.Debug|iPhone.Deploy.0 = Debug|Any CPU
		{803DFEE7-E345-40A0-A9CB-D7B283990308}.Debug|iPhoneSimulator.ActiveCfg = Debug|Any CPU
		{803DFEE7-E345-40A0-A9CB-D7B283990308}.Debug|iPhoneSimulator.Build.0 = Debug|Any CPU
		{803DFEE7-E345-40A0-A9CB-D7B283990308}.Debug|iPhoneSimulator.Deploy.0 = Debug|Any CPU
		{803DFEE7-E345-40A0-A9CB-D7B283990308}.Debug|x64.ActiveCfg = Debug|Any CPU
		{803DFEE7-E345-40A0-A9CB-D7B283990308}.Debug|x64.Build.0 = Debug|Any CPU
		{803DFEE7-E345-40A0-A9CB-D7B283990308}.Debug|x64.Deploy.0 = Debug|Any CPU
		{803DFEE7-E345-40A0-A9CB-D7B283990308}.Debug|x86.ActiveCfg = Debug|Any CPU
		{803DFEE7-E345-40A0-A9CB-D7B283990308}.Debug|x86.Build.0 = Debug|Any CPU
		{803DFEE7-E345-40A0-A9CB-D7B283990308}.Debug|x86.Deploy.0 = Debug|Any CPU
		{803DFEE7-E345-40A0-A9CB-D7B283990308}.Release|Any CPU.ActiveCfg = Release|Any CPU
		{803DFEE7-E345-40A0-A9CB-D7B283990308}.Release|Any CPU.Build.0 = Release|Any CPU
		{803DFEE7-E345-40A0-A9CB-D7B283990308}.Release|Any CPU.Deploy.0 = Release|Any CPU
		{803DFEE7-E345-40A0-A9CB-D7B283990308}.Release|ARM.ActiveCfg = Release|Any CPU
		{803DFEE7-E345-40A0-A9CB-D7B283990308}.Release|ARM.Build.0 = Release|Any CPU
		{803DFEE7-E345-40A0-A9CB-D7B283990308}.Release|ARM.Deploy.0 = Release|Any CPU
		{803DFEE7-E345-40A0-A9CB-D7B283990308}.Release|iPhone.ActiveCfg = Release|Any CPU
		{803DFEE7-E345-40A0-A9CB-D7B283990308}.Release|iPhone.Build.0 = Release|Any CPU
		{803DFEE7-E345-40A0-A9CB-D7B283990308}.Release|iPhone.Deploy.0 = Release|Any CPU
		{803DFEE7-E345-40A0-A9CB-D7B283990308}.Release|iPhoneSimulator.ActiveCfg = Release|Any CPU
		{803DFEE7-E345-40A0-A9CB-D7B283990308}.Release|iPhoneSimulator.Build.0 = Release|Any CPU
		{803DFEE7-E345-40A0-A9CB-D7B283990308}.Release|iPhoneSimulator.Deploy.0 = Release|Any CPU
		{803DFEE7-E345-40A0-A9CB-D7B283990308}.Release|x64.ActiveCfg = Release|Any CPU
		{803DFEE7-E345-40A0-A9CB-D7B283990308}.Release|x64.Build.0 = Release|Any CPU
		{803DFEE7-E345-40A0-A9CB-D7B283990308}.Release|x64.Deploy.0 = Release|Any CPU
		{803DFEE7-E345-40A0-A9CB-D7B283990308}.Release|x86.ActiveCfg = Release|Any CPU
		{803DFEE7-E345-40A0-A9CB-D7B283990308}.Release|x86.Build.0 = Release|Any CPU
		{803DFEE7-E345-40A0-A9CB-D7B283990308}.Release|x86.Deploy.0 = Release|Any CPU
	EndGlobalSection
	GlobalSection(SolutionProperties) = preSolution
		HideSolutionNode = FALSE
	EndGlobalSection
	GlobalSection(ExtensibilityGlobals) = postSolution
		SolutionGuid = {28A7F68B-C2A9-4186-9A08-AA3D2F0F560D}
	EndGlobalSection
EndGlobal
